
Microsoft Visual Studio Solution File, Format Version 12.00
# Visual Studio Version 17
VisualStudioVersion = 17.10.35013.160
MinimumVisualStudioVersion = 10.0.40219.1
Project("{9A19103F-16F7-4668-BE54-9A1E7A4F7556}") = "BethanysPieShop", "BethanysPieShop.csproj", "{ADF75DB2-BFB5-417E-B9B9-F9BB94A5338D}"
EndProject
Project("{FAE04EC0-301F-11D3-BF4B-00C04F79EFBC}") = "BethanysPieShopTest", "..\BethanysPieShopTest\BethanysPieShopTest.csproj", "{676E60D8-162D-46C2-882B-2D738AFF5A0D}"
EndProject
Global
	GlobalSection(SolutionConfigurationPlatforms) = preSolution
		Debug|Any CPU = Debug|Any CPU
		Release|Any CPU = Release|Any CPU
	EndGlobalSection
	GlobalSection(ProjectConfigurationPlatforms) = postSolution
		{ADF75DB2-BFB5-417E-B9B9-F9BB94A5338D}.Debug|Any CPU.ActiveCfg = Debug|Any CPU
		{ADF75DB2-BFB5-417E-B9B9-F9BB94A5338D}.Debug|Any CPU.Build.0 = Debug|Any CPU
		{ADF75DB2-BFB5-417E-B9B9-F9BB94A5338D}.Release|Any CPU.ActiveCfg = Release|Any CPU
		{ADF75DB2-BFB5-417E-B9B9-F9BB94A5338D}.Release|Any CPU.Build.0 = Release|Any CPU
		{676E60D8-162D-46C2-882B-2D738AFF5A0D}.Debug|Any CPU.ActiveCfg = Debug|Any CPU
		{676E60D8-162D-46C2-882B-2D738AFF5A0D}.Debug|Any CPU.Build.0 = Debug|Any CPU
		{676E60D8-162D-46C2-882B-2D738AFF5A0D}.Release|Any CPU.ActiveCfg = Release|Any CPU
		{676E60D8-162D-46C2-882B-2D738AFF5A0D}.Release|Any CPU.Build.0 = Release|Any CPU
	EndGlobalSection
	GlobalSection(SolutionProperties) = preSolution
		HideSolutionNode = FALSE
	EndGlobalSection
	GlobalSection(ExtensibilityGlobals) = postSolution
		SolutionGuid = {FE263B84-624C-48F8-AC0A-0F06DF518DB1}
	EndGlobalSection
EndGlobal
